{
  "name": "midi2edgelist",
  "version": "1.0.0",
  "lockfileVersion": 1,
  "requires": true,
  "dependencies": {
    "@tonejs/midi": {
      "version": "2.0.6",
      "resolved": "https://registry.npmjs.org/@tonejs/midi/-/midi-2.0.6.tgz",
      "integrity": "sha512-i7Ss/4bok25KHUbvjRB2vjSvoXhu5iq2mClNZPPYyNAri4k5FwCbOL5ZQW4uV/wrhIQ/wlYxE5nbopYIKk1Qig==",
      "requires": {
        "array-flatten": "^2.1.2",
        "midi-file": "^1.1.1"
      }
    },
    "@types/node": {
      "version": "11.13.17",
      "resolved": "https://registry.npmjs.org/@types/node/-/node-11.13.17.tgz",
      "integrity": "sha512-7W3kSMa8diVH6s24a8Qrmvwu+vG3ahOC/flMHFdWSdnPYoQI0yPO84h5zOWYXAha2Npn3Pw3SSuQSwBUfaniyQ=="
    },
    "argparse": {
      "version": "1.0.10",
      "resolved": "https://registry.npmjs.org/argparse/-/argparse-1.0.10.tgz",
      "integrity": "sha512-o5Roy6tNG4SL/FOkCAN6RzjiakZS25RLYFrcMttJqbdd8BWrnA+fGz57iN5Pb06pvBGvl5gQ0B48dJlslXvoTg==",
      "requires": {
        "sprintf-js": "~1.0.2"
      }
    },
    "array-flatten": {
      "version": "2.1.2",
      "resolved": "https://registry.npmjs.org/array-flatten/-/array-flatten-2.1.2.tgz",
      "integrity": "sha512-hNfzcOV8W4NdualtqBFPyVO+54DSJuZGY9qT4pRroB6S9e3iiido2ISIC5h9R2sPJ8H3FHCIiEnsv1lPXO3KtQ=="
    },
    "esm": {
      "version": "3.2.25",
      "resolved": "https://registry.npmjs.org/esm/-/esm-3.2.25.tgz",
      "integrity": "sha512-U1suiZ2oDVWv4zPO56S0NcR5QriEahGtdN2OR6FiOG4WJvcjBVFB0qI4+eKoWFH483PKGuLuu6V8Z4T5g63UVA=="
    },
    "fs-extra": {
      "version": "8.1.0",
      "resolved": "https://registry.npmjs.org/fs-extra/-/fs-extra-8.1.0.tgz",
      "integrity": "sha512-yhlQgA6mnOJUKOsRUFsgJdQCvkKhcz8tlZG5HBQfReYZy46OwLcY+Zia0mtdHsOo9y/hP+CxMN0TU9QxoOtG4g==",
      "requires": {
        "graceful-fs": "^4.2.0",
        "jsonfile": "^4.0.0",
        "universalify": "^0.1.0"
      }
    },
    "fs-stream-sync": {
      "version": "1.0.4",
      "resolved": "https://registry.npmjs.org/fs-stream-sync/-/fs-stream-sync-1.0.4.tgz",
      "integrity": "sha512-nM3ManlVnMdT9DAp1rrvfunlPQV+SSozOVpKV7BU8lYuW/mgN+H8aA54nKt7d759sHJwg/vTh3IpyhJhcMsu0w==",
      "requires": {
        "@types/node": "^11"
      }
    },
    "graceful-fs": {
      "version": "4.2.0",
      "resolved": "https://registry.npmjs.org/graceful-fs/-/graceful-fs-4.2.0.tgz",
      "integrity": "sha512-jpSvDPV4Cq/bgtpndIWbI5hmYxhQGHPC4d4cqBPb4DLniCfhJokdXhwhaDuLBGLQdvvRum/UiX6ECVIPvDXqdg=="
    },
    "jsonfile": {
      "version": "4.0.0",
      "resolved": "https://registry.npmjs.org/jsonfile/-/jsonfile-4.0.0.tgz",
      "integrity": "sha1-h3Gq4HmbZAdrdmQPygWPnBDjPss=",
      "requires": {
        "graceful-fs": "^4.1.6"
      }
    },
    "klaw-sync": {
      "version": "6.0.0",
      "resolved": "https://registry.npmjs.org/klaw-sync/-/klaw-sync-6.0.0.tgz",
      "integrity": "sha512-nIeuVSzdCCs6TDPTqI8w1Yre34sSq7AkZ4B3sfOBbI2CgVSB4Du4aLQijFU2+lhAFCwt9+42Hel6lQNIv6AntQ==",
      "requires": {
        "graceful-fs": "^4.1.11"
      }
    },
    "midi-file": {
      "version": "1.1.1",
      "resolved": "https://registry.npmjs.org/midi-file/-/midi-file-1.1.1.tgz",
      "integrity": "sha512-HI6Y/kc9g1Af0OqMkTzI2AeGgPJMONgQcd/13gBf8C9BcUh7wa/AnXR1Fgl8SIuO7GJmFhSIACEWcwiAz2E2Pg=="
    },
    "sprintf-js": {
      "version": "1.0.3",
      "resolved": "https://registry.npmjs.org/sprintf-js/-/sprintf-js-1.0.3.tgz",
      "integrity": "sha1-BOaSb2YolTVPPdAVIDYzuFcpfiw="
    },
    "universalify": {
      "version": "0.1.2",
      "resolved": "https://registry.npmjs.org/universalify/-/universalify-0.1.2.tgz",
      "integrity": "sha512-rBJeI5CXAlmy1pV+617WB9J63U6XcazHHF2f2dbJix4XzpUF0RS3Zbj0FGIOCAva5P/d/GBOYaACQ1w+0azUkg=="
    }
  }
}
